
Microsoft Visual Studio Solution File, Format Version 12.00
# Visual Studio Version 17
VisualStudioVersion = 17.11.35327.3
MinimumVisualStudioVersion = 10.0.40219.1
Project("{FAE04EC0-301F-11D3-BF4B-00C04F79EFBC}") = "Hometask1", "Hometask1\Hometask1.csproj", "{61D1E438-DF0E-453E-8443-F5994903298B}"
EndProject
Global
	GlobalSection(SolutionConfigurationPlatforms) = preSolution
		Debug|Any CPU = Debug|Any CPU
		Release|Any CPU = Release|Any CPU
	EndGlobalSection
	GlobalSection(ProjectConfigurationPlatforms) = postSolution
		{61D1E438-DF0E-453E-8443-F5994903298B}.Debug|Any CPU.ActiveCfg = Debug|Any CPU
		{61D1E438-DF0E-453E-8443-F5994903298B}.Debug|Any CPU.Build.0 = Debug|Any CPU
		{61D1E438-DF0E-453E-8443-F5994903298B}.Release|Any CPU.ActiveCfg = Release|Any CPU
		{61D1E438-DF0E-453E-8443-F5994903298B}.Release|Any CPU.Build.0 = Release|Any CPU
	EndGlobalSection
	GlobalSection(SolutionProperties) = preSolution
		HideSolutionNode = FALSE
	EndGlobalSection
	GlobalSection(ExtensibilityGlobals) = postSolution
		SolutionGuid = {2F93BB91-3109-4682-BB66-51CDE71DF75E}
	EndGlobalSection
EndGlobal
